
Microsoft Visual Studio Solution File, Format Version 12.00
# Visual Studio Version 17
VisualStudioVersion = 17.5.33414.496
MinimumVisualStudioVersion = 10.0.40219.1
Project("{FAE04EC0-301F-11D3-BF4B-00C04F79EFBC}") = "JwtAuthsApi", "JwtAuthsApi\JwtAuthsApi.csproj", "{271E9DF0-83B6-4955-923D-95E816F00DBF}"
EndProject
Global
	GlobalSection(SolutionConfigurationPlatforms) = preSolution
		Debug|Any CPU = Debug|Any CPU
		Release|Any CPU = Release|Any CPU
	EndGlobalSection
	GlobalSection(ProjectConfigurationPlatforms) = postSolution
		{271E9DF0-83B6-4955-923D-95E816F00DBF}.Debug|Any CPU.ActiveCfg = Debug|Any CPU
		{271E9DF0-83B6-4955-923D-95E816F00DBF}.Debug|Any CPU.Build.0 = Debug|Any CPU
		{271E9DF0-83B6-4955-923D-95E816F00DBF}.Release|Any CPU.ActiveCfg = Release|Any CPU
		{271E9DF0-83B6-4955-923D-95E816F00DBF}.Release|Any CPU.Build.0 = Release|Any CPU
	EndGlobalSection
	GlobalSection(SolutionProperties) = preSolution
		HideSolutionNode = FALSE
	EndGlobalSection
	GlobalSection(ExtensibilityGlobals) = postSolution
		SolutionGuid = {E5957BB0-D4CA-4C53-BB31-9E39038935AD}
	EndGlobalSection
EndGlobal
